
Microsoft Visual Studio Solution File, Format Version 12.00
# Visual Studio Version 17
VisualStudioVersion = 17.7.34221.43
MinimumVisualStudioVersion = 10.0.40219.1
Project("{FAE04EC0-301F-11D3-BF4B-00C04F79EFBC}") = "22.Static methods and class", "22.Static methods and class.csproj", "{F6CAAFBE-00CC-41CB-B17A-C767A84C40EA}"
EndProject
Global
	GlobalSection(SolutionConfigurationPlatforms) = preSolution
		Debug|Any CPU = Debug|Any CPU
		Release|Any CPU = Release|Any CPU
	EndGlobalSection
	GlobalSection(ProjectConfigurationPlatforms) = postSolution
		{F6CAAFBE-00CC-41CB-B17A-C767A84C40EA}.Debug|Any CPU.ActiveCfg = Debug|Any CPU
		{F6CAAFBE-00CC-41CB-B17A-C767A84C40EA}.Debug|Any CPU.Build.0 = Debug|Any CPU
		{F6CAAFBE-00CC-41CB-B17A-C767A84C40EA}.Release|Any CPU.ActiveCfg = Release|Any CPU
		{F6CAAFBE-00CC-41CB-B17A-C767A84C40EA}.Release|Any CPU.Build.0 = Release|Any CPU
	EndGlobalSection
	GlobalSection(SolutionProperties) = preSolution
		HideSolutionNode = FALSE
	EndGlobalSection
	GlobalSection(ExtensibilityGlobals) = postSolution
		SolutionGuid = {5F1B5639-0140-47FA-A748-25785FA59239}
	EndGlobalSection
EndGlobal
